
Microsoft Visual Studio Solution File, Format Version 12.00
Project("{FAE04EC0-301F-11D3-BF4B-00C04F79EFBC}") = "BlackFire.Unity.Game", "BlackFire.Unity.Game.csproj", "{088132DC-79CF-4FC6-9D06-B48F7BB2E5B4}"
EndProject
Global
	GlobalSection(SolutionConfigurationPlatforms) = preSolution
		Debug|Any CPU = Debug|Any CPU
		Release|Any CPU = Release|Any CPU
	EndGlobalSection
	GlobalSection(ProjectConfigurationPlatforms) = postSolution
		{088132DC-79CF-4FC6-9D06-B48F7BB2E5B4}.Debug|Any CPU.ActiveCfg = Debug|Any CPU
		{088132DC-79CF-4FC6-9D06-B48F7BB2E5B4}.Debug|Any CPU.Build.0 = Debug|Any CPU
		{088132DC-79CF-4FC6-9D06-B48F7BB2E5B4}.Release|Any CPU.ActiveCfg = Release|Any CPU
		{088132DC-79CF-4FC6-9D06-B48F7BB2E5B4}.Release|Any CPU.Build.0 = Release|Any CPU
	EndGlobalSection
EndGlobal
